
Microsoft Visual Studio Solution File, Format Version 12.00
# Visual Studio Version 16
VisualStudioVersion = 16.0.31409.214
MinimumVisualStudioVersion = 10.0.40219.1
Project("{9A19103F-16F7-4668-BE54-9A1E7A4F7556}") = "GameStoreBroker.Application", "GameStoreBroker.Application\GameStoreBroker.Application.csproj", "{30F60E9E-6744-45F3-A9CD-5E19D6E121E8}"
EndProject
Project("{9A19103F-16F7-4668-BE54-9A1E7A4F7556}") = "GameStoreBroker.ClientApi", "GameStoreBroker.ClientApi\GameStoreBroker.ClientApi.csproj", "{0769F5CA-C2ED-4B31-BB8C-73E5180CF679}"
EndProject
Project("{FAE04EC0-301F-11D3-BF4B-00C04F79EFBC}") = "GameStoreBroker.ClientApi.Test", "GameStoreBroker.ClientApi.Test\GameStoreBroker.ClientApi.Test.csproj", "{D3198C39-7AAB-49B1-A170-361CED05E127}"
EndProject
Global
	GlobalSection(SolutionConfigurationPlatforms) = preSolution
		Debug|Any CPU = Debug|Any CPU
		Release|Any CPU = Release|Any CPU
	EndGlobalSection
	GlobalSection(ProjectConfigurationPlatforms) = postSolution
		{30F60E9E-6744-45F3-A9CD-5E19D6E121E8}.Debug|Any CPU.ActiveCfg = Debug|Any CPU
		{30F60E9E-6744-45F3-A9CD-5E19D6E121E8}.Debug|Any CPU.Build.0 = Debug|Any CPU
		{30F60E9E-6744-45F3-A9CD-5E19D6E121E8}.Release|Any CPU.ActiveCfg = Release|Any CPU
		{30F60E9E-6744-45F3-A9CD-5E19D6E121E8}.Release|Any CPU.Build.0 = Release|Any CPU
		{0769F5CA-C2ED-4B31-BB8C-73E5180CF679}.Debug|Any CPU.ActiveCfg = Debug|Any CPU
		{0769F5CA-C2ED-4B31-BB8C-73E5180CF679}.Debug|Any CPU.Build.0 = Debug|Any CPU
		{0769F5CA-C2ED-4B31-BB8C-73E5180CF679}.Release|Any CPU.ActiveCfg = Release|Any CPU
		{0769F5CA-C2ED-4B31-BB8C-73E5180CF679}.Release|Any CPU.Build.0 = Release|Any CPU
		{D3198C39-7AAB-49B1-A170-361CED05E127}.Debug|Any CPU.ActiveCfg = Debug|Any CPU
		{D3198C39-7AAB-49B1-A170-361CED05E127}.Debug|Any CPU.Build.0 = Debug|Any CPU
		{D3198C39-7AAB-49B1-A170-361CED05E127}.Release|Any CPU.ActiveCfg = Release|Any CPU
		{D3198C39-7AAB-49B1-A170-361CED05E127}.Release|Any CPU.Build.0 = Release|Any CPU
	EndGlobalSection
	GlobalSection(SolutionProperties) = preSolution
		HideSolutionNode = FALSE
	EndGlobalSection
	GlobalSection(ExtensibilityGlobals) = postSolution
		SolutionGuid = {C5732E6A-358B-47B7-A373-0E1604939209}
	EndGlobalSection
EndGlobal
